// !$*UTF8*$!
{
	archiveVersion = 1;
	classes = {
	};
	objectVersion = 55;
	objects = {

/* Begin PBXBuildFile section */
		B433D50C2817419300E29BF0 /* AppDelegate.swift in Sources */ = {isa = PBXBuildFile; fileRef = B433D50B2817419300E29BF0 /* AppDelegate.swift */; };
		B433D50E2817419300E29BF0 /* SceneDelegate.swift in Sources */ = {isa = PBXBuildFile; fileRef = B433D50D2817419300E29BF0 /* SceneDelegate.swift */; };
		B433D5102817419300E29BF0 /* ViewController.swift in Sources */ = {isa = PBXBuildFile; fileRef = B433D50F2817419300E29BF0 /* ViewController.swift */; };
		B433D5132817419300E29BF0 /* Main.storyboard in Resources */ = {isa = PBXBuildFile; fileRef = B433D5112817419300E29BF0 /* Main.storyboard */; };
		B433D5152817419600E29BF0 /* Assets.xcassets in Resources */ = {isa = PBXBuildFile; fileRef = B433D5142817419600E29BF0 /* Assets.xcassets */; };
		B433D5182817419600E29BF0 /* LaunchScreen.storyboard in Resources */ = {isa = PBXBuildFile; fileRef = B433D5162817419600E29BF0 /* LaunchScreen.storyboard */; };
		B433D5232817419600E29BF0 /* ConciertoTests.swift in Sources */ = {isa = PBXBuildFile; fileRef = B433D5222817419600E29BF0 /* ConciertoTests.swift */; };
		B433D52D2817419600E29BF0 /* ConciertoUITests.swift in Sources */ = {isa = PBXBuildFile; fileRef = B433D52C2817419600E29BF0 /* ConciertoUITests.swift */; };
		B433D52F2817419600E29BF0 /* ConciertoUITestsLaunchTests.swift in Sources */ = {isa = PBXBuildFile; fileRef = B433D52E2817419600E29BF0 /* ConciertoUITestsLaunchTests.swift */; };
/* End PBXBuildFile section */

/* Begin PBXContainerItemProxy section */
		B433D51F2817419600E29BF0 /* PBXContainerItemProxy */ = {
			isa = PBXContainerItemProxy;
			containerPortal = B433D5002817419300E29BF0 /* Project object */;
			proxyType = 1;
			remoteGlobalIDString = B433D5072817419300E29BF0;
			remoteInfo = Concierto;
		};
		B433D5292817419600E29BF0 /* PBXContainerItemProxy */ = {
			isa = PBXContainerItemProxy;
			containerPortal = B433D5002817419300E29BF0 /* Project object */;
			proxyType = 1;
			remoteGlobalIDString = B433D5072817419300E29BF0;
			remoteInfo = Concierto;
		};
/* End PBXContainerItemProxy section */

/* Begin PBXFileReference section */
		B433D5082817419300E29BF0 /* Concierto.app */ = {isa = PBXFileReference; explicitFileType = wrapper.application; includeInIndex = 0; path = Concierto.app; sourceTree = BUILT_PRODUCTS_DIR; };
		B433D50B2817419300E29BF0 /* AppDelegate.swift */ = {isa = PBXFileReference; lastKnownFileType = sourcecode.swift; path = AppDelegate.swift; sourceTree = "<group>"; };
		B433D50D2817419300E29BF0 /* SceneDelegate.swift */ = {isa = PBXFileReference; lastKnownFileType = sourcecode.swift; path = SceneDelegate.swift; sourceTree = "<group>"; };
		B433D50F2817419300E29BF0 /* ViewController.swift */ = {isa = PBXFileReference; lastKnownFileType = sourcecode.swift; path = ViewController.swift; sourceTree = "<group>"; };
		B433D5122817419300E29BF0 /* Base */ = {isa = PBXFileReference; lastKnownFileType = file.storyboard; name = Base; path = Base.lproj/Main.storyboard; sourceTree = "<group>"; };
		B433D5142817419600E29BF0 /* Assets.xcassets */ = {isa = PBXFileReference; lastKnownFileType = folder.assetcatalog; path = Assets.xcassets; sourceTree = "<group>"; };
		B433D5172817419600E29BF0 /* Base */ = {isa = PBXFileReference; lastKnownFileType = file.storyboard; name = Base; path = Base.lproj/LaunchScreen.storyboard; sourceTree = "<group>"; };
		B433D5192817419600E29BF0 /* Info.plist */ = {isa = PBXFileReference; lastKnownFileType = text.plist.xml; path = Info.plist; sourceTree = "<group>"; };
		B433D51E2817419600E29BF0 /* ConciertoTests.xctest */ = {isa = PBXFileReference; explicitFileType = wrapper.cfbundle; includeInIndex = 0; path = ConciertoTests.xctest; sourceTree = BUILT_PRODUCTS_DIR; };
		B433D5222817419600E29BF0 /* ConciertoTests.swift */ = {isa = PBXFileReference; lastKnownFileType = sourcecode.swift; path = ConciertoTests.swift; sourceTree = "<group>"; };
		B433D5282817419600E29BF0 /* ConciertoUITests.xctest */ = {isa = PBXFileReference; explicitFileType = wrapper.cfbundle; includeInIndex = 0; path = ConciertoUITests.xctest; sourceTree = BUILT_PRODUCTS_DIR; };
		B433D52C2817419600E29BF0 /* ConciertoUITests.swift */ = {isa = PBXFileReference; lastKnownFileType = sourcecode.swift; path = ConciertoUITests.swift; sourceTree = "<group>"; };
		B433D52E2817419600E29BF0 /* ConciertoUITestsLaunchTests.swift */ = {isa = PBXFileReference; lastKnownFileType = sourcecode.swift; path = ConciertoUITestsLaunchTests.swift; sourceTree = "<group>"; };
/* End PBXFileReference section */

/* Begin PBXFrameworksBuildPhase section */
		B433D5052817419300E29BF0 /* Frameworks */ = {
			isa = PBXFrameworksBuildPhase;
			buildActionMask = 2147483647;
			files = (
			);
			runOnlyForDeploymentPostprocessing = 0;
		};
		B433D51B2817419600E29BF0 /* Frameworks */ = {
			isa = PBXFrameworksBuildPhase;
			buildActionMask = 2147483647;
			files = (
			);
			runOnlyForDeploymentPostprocessing = 0;
		};
		B433D5252817419600E29BF0 /* Frameworks */ = {
			isa = PBXFrameworksBuildPhase;
			buildActionMask = 2147483647;
			files = (
			);
			runOnlyForDeploymentPostprocessing = 0;
		};
/* End PBXFrameworksBuildPhase section */

/* Begin PBXGroup section */
		B433D4FF2817419300E29BF0 = {
			isa = PBXGroup;
			children = (
				B433D50A2817419300E29BF0 /* Concierto */,
				B433D5212817419600E29BF0 /* ConciertoTests */,
				B433D52B2817419600E29BF0 /* ConciertoUITests */,
				B433D5092817419300E29BF0 /* Products */,
			);
			sourceTree = "<group>";
		};
		B433D5092817419300E29BF0 /* Products */ = {
			isa = PBXGroup;
			children = (
				B433D5082817419300E29BF0 /* Concierto.app */,
				B433D51E2817419600E29BF0 /* ConciertoTests.xctest */,
				B433D5282817419600E29BF0 /* ConciertoUITests.xctest */,
			);
			name = Products;
			sourceTree = "<group>";
		};
		B433D50A2817419300E29BF0 /* Concierto */ = {
			isa = PBXGroup;
			children = (
				B433D50B2817419300E29BF0 /* AppDelegate.swift */,
				B433D50D2817419300E29BF0 /* SceneDelegate.swift */,
				B433D50F2817419300E29BF0 /* ViewController.swift */,
				B433D5112817419300E29BF0 /* Main.storyboard */,
				B433D5142817419600E29BF0 /* Assets.xcassets */,
				B433D5162817419600E29BF0 /* LaunchScreen.storyboard */,
				B433D5192817419600E29BF0 /* Info.plist */,
			);
			path = Concierto;
			sourceTree = "<group>";
		};
		B433D5212817419600E29BF0 /* ConciertoTests */ = {
			isa = PBXGroup;
			children = (
				B433D5222817419600E29BF0 /* ConciertoTests.swift */,
			);
			path = ConciertoTests;
			sourceTree = "<group>";
		};
		B433D52B2817419600E29BF0 /* ConciertoUITests */ = {
			isa = PBXGroup;
			children = (
				B433D52C2817419600E29BF0 /* ConciertoUITests.swift */,
				B433D52E2817419600E29BF0 /* ConciertoUITestsLaunchTests.swift */,
			);
			path = ConciertoUITests;
			sourceTree = "<group>";
		};
/* End PBXGroup section */

/* Begin PBXNativeTarget section */
		B433D5072817419300E29BF0 /* Concierto */ = {
			isa = PBXNativeTarget;
			buildConfigurationList = B433D5322817419600E29BF0 /* Build configuration list for PBXNativeTarget "Concierto" */;
			buildPhases = (
				B433D5042817419300E29BF0 /* Sources */,
				B433D5052817419300E29BF0 /* Frameworks */,
				B433D5062817419300E29BF0 /* Resources */,
			);
			buildRules = (
			);
			dependencies = (
			);
			name = Concierto;
			productName = Concierto;
			productReference = B433D5082817419300E29BF0 /* Concierto.app */;
			productType = "com.apple.product-type.application";
		};
		B433D51D2817419600E29BF0 /* ConciertoTests */ = {
			isa = PBXNativeTarget;
			buildConfigurationList = B433D5352817419600E29BF0 /* Build configuration list for PBXNativeTarget "ConciertoTests" */;
			buildPhases = (
				B433D51A2817419600E29BF0 /* Sources */,
				B433D51B2817419600E29BF0 /* Frameworks */,
				B433D51C2817419600E29BF0 /* Resources */,
			);
			buildRules = (
			);
			dependencies = (
				B433D5202817419600E29BF0 /* PBXTargetDependency */,
			);
			name = ConciertoTests;
			productName = ConciertoTests;
			productReference = B433D51E2817419600E29BF0 /* ConciertoTests.xctest */;
			productType = "com.apple.product-type.bundle.unit-test";
		};
		B433D5272817419600E29BF0 /* ConciertoUITests */ = {
			isa = PBXNativeTarget;
			buildConfigurationList = B433D5382817419600E29BF0 /* Build configuration list for PBXNativeTarget "ConciertoUITests" */;
			buildPhases = (
				B433D5242817419600E29BF0 /* Sources */,
				B433D5252817419600E29BF0 /* Frameworks */,
				B433D5262817419600E29BF0 /* Resources */,
			);
			buildRules = (
			);
			dependencies = (
				B433D52A2817419600E29BF0 /* PBXTargetDependency */,
			);
			name = ConciertoUITests;
			productName = ConciertoUITests;
			productReference = B433D5282817419600E29BF0 /* ConciertoUITests.xctest */;
			productType = "com.apple.product-type.bundle.ui-testing";
		};
/* End PBXNativeTarget section */

/* Begin PBXProject section */
		B433D5002817419300E29BF0 /* Project object */ = {
			isa = PBXProject;
			attributes = {
				BuildIndependentTargetsInParallel = 1;
				LastSwiftUpdateCheck = 1330;
				LastUpgradeCheck = 1330;
				TargetAttributes = {
					B433D5072817419300E29BF0 = {
						CreatedOnToolsVersion = 13.3.1;
					};
					B433D51D2817419600E29BF0 = {
						CreatedOnToolsVersion = 13.3.1;
						TestTargetID = B433D5072817419300E29BF0;
					};
					B433D5272817419600E29BF0 = {
						CreatedOnToolsVersion = 13.3.1;
						TestTargetID = B433D5072817419300E29BF0;
					};
				};
			};
			buildConfigurationList = B433D5032817419300E29BF0 /* Build configuration list for PBXProject "Concierto" */;
			compatibilityVersion = "Xcode 13.0";
			developmentRegion = en;
			hasScannedForEncodings = 0;
			knownRegions = (
				en,
				Base,
			);
			mainGroup = B433D4FF2817419300E29BF0;
			productRefGroup = B433D5092817419300E29BF0 /* Products */;
			projectDirPath = "";
			projectRoot = "";
			targets = (
				B433D5072817419300E29BF0 /* Concierto */,
				B433D51D2817419600E29BF0 /* ConciertoTests */,
				B433D5272817419600E29BF0 /* ConciertoUITests */,
			);
		};
/* End PBXProject section */

/* Begin PBXResourcesBuildPhase section */
		B433D5062817419300E29BF0 /* Resources */ = {
			isa = PBXResourcesBuildPhase;
			buildActionMask = 2147483647;
			files = (
				B433D5182817419600E29BF0 /* LaunchScreen.storyboard in Resources */,
				B433D5152817419600E29BF0 /* Assets.xcassets in Resources */,
				B433D5132817419300E29BF0 /* Main.storyboard in Resources */,
			);
			runOnlyForDeploymentPostprocessing = 0;
		};
		B433D51C2817419600E29BF0 /* Resources */ = {
			isa = PBXResourcesBuildPhase;
			buildActionMask = 2147483647;
			files = (
			);
			runOnlyForDeploymentPostprocessing = 0;
		};
		B433D5262817419600E29BF0 /* Resources */ = {
			isa = PBXResourcesBuildPhase;
			buildActionMask = 2147483647;
			files = (
			);
			runOnlyForDeploymentPostprocessing = 0;
		};
/* End PBXResourcesBuildPhase section */

/* Begin PBXSourcesBuildPhase section */
		B433D5042817419300E29BF0 /* Sources */ = {
			isa = PBXSourcesBuildPhase;
			buildActionMask = 2147483647;
			files = (
				B433D5102817419300E29BF0 /* ViewController.swift in Sources */,
				B433D50C2817419300E29BF0 /* AppDelegate.swift in Sources */,
				B433D50E2817419300E29BF0 /* SceneDelegate.swift in Sources */,
			);
			runOnlyForDeploymentPostprocessing = 0;
		};
		B433D51A2817419600E29BF0 /* Sources */ = {
			isa = PBXSourcesBuildPhase;
			buildActionMask = 2147483647;
			files = (
				B433D5232817419600E29BF0 /* ConciertoTests.swift in Sources */,
			);
			runOnlyForDeploymentPostprocessing = 0;
		};
		B433D5242817419600E29BF0 /* Sources */ = {
			isa = PBXSourcesBuildPhase;
			buildActionMask = 2147483647;
			files = (
				B433D52D2817419600E29BF0 /* ConciertoUITests.swift in Sources */,
				B433D52F2817419600E29BF0 /* ConciertoUITestsLaunchTests.swift in Sources */,
			);
			runOnlyForDeploymentPostprocessing = 0;
		};
/* End PBXSourcesBuildPhase section */

/* Begin PBXTargetDependency section */
		B433D5202817419600E29BF0 /* PBXTargetDependency */ = {
			isa = PBXTargetDependency;
			target = B433D5072817419300E29BF0 /* Concierto */;
			targetProxy = B433D51F2817419600E29BF0 /* PBXContainerItemProxy */;
		};
		B433D52A2817419600E29BF0 /* PBXTargetDependency */ = {
			isa = PBXTargetDependency;
			target = B433D5072817419300E29BF0 /* Concierto */;
			targetProxy = B433D5292817419600E29BF0 /* PBXContainerItemProxy */;
		};
/* End PBXTargetDependency section */

/* Begin PBXVariantGroup section */
		B433D5112817419300E29BF0 /* Main.storyboard */ = {
			isa = PBXVariantGroup;
			children = (
				B433D5122817419300E29BF0 /* Base */,
			);
			name = Main.storyboard;
			sourceTree = "<group>";
		};
		B433D5162817419600E29BF0 /* LaunchScreen.storyboard */ = {
			isa = PBXVariantGroup;
			children = (
				B433D5172817419600E29BF0 /* Base */,
			);
			name = LaunchScreen.storyboard;
			sourceTree = "<group>";
		};
/* End PBXVariantGroup section */

/* Begin XCBuildConfiguration section */
		B433D5302817419600E29BF0 /* Debug */ = {
			isa = XCBuildConfiguration;
			buildSettings = {
				ALWAYS_SEARCH_USER_PATHS = NO;
				CLANG_ANALYZER_NONNULL = YES;
				CLANG_ANALYZER_NUMBER_OBJECT_CONVERSION = YES_AGGRESSIVE;
				CLANG_CXX_LANGUAGE_STANDARD = "gnu++17";
				CLANG_ENABLE_MODULES = YES;
				CLANG_ENABLE_OBJC_ARC = YES;
				CLANG_ENABLE_OBJC_WEAK = YES;
				CLANG_WARN_BLOCK_CAPTURE_AUTORELEASING = YES;
				CLANG_WARN_BOOL_CONVERSION = YES;
				CLANG_WARN_COMMA = YES;
				CLANG_WARN_CONSTANT_CONVERSION = YES;
				CLANG_WARN_DEPRECATED_OBJC_IMPLEMENTATIONS = YES;
				CLANG_WARN_DIRECT_OBJC_ISA_USAGE = YES_ERROR;
				CLANG_WARN_DOCUMENTATION_COMMENTS = YES;
				CLANG_WARN_EMPTY_BODY = YES;
				CLANG_WARN_ENUM_CONVERSION = YES;
				CLANG_WARN_INFINITE_RECURSION = YES;
				CLANG_WARN_INT_CONVERSION = YES;
				CLANG_WARN_NON_LITERAL_NULL_CONVERSION = YES;
				CLANG_WARN_OBJC_IMPLICIT_RETAIN_SELF = YES;
				CLANG_WARN_OBJC_LITERAL_CONVERSION = YES;
				CLANG_WARN_OBJC_ROOT_CLASS = YES_ERROR;
				CLANG_WARN_QUOTED_INCLUDE_IN_FRAMEWORK_HEADER = YES;
				CLANG_WARN_RANGE_LOOP_ANALYSIS = YES;
				CLANG_WARN_STRICT_PROTOTYPES = YES;
				CLANG_WARN_SUSPICIOUS_MOVE = YES;
				CLANG_WARN_UNGUARDED_AVAILABILITY = YES_AGGRESSIVE;
				CLANG_WARN_UNREACHABLE_CODE = YES;
				CLANG_WARN__DUPLICATE_METHOD_MATCH = YES;
				COPY_PHASE_STRIP = NO;
				DEBUG_INFORMATION_FORMAT = dwarf;
				ENABLE_STRICT_OBJC_MSGSEND = YES;
				ENABLE_TESTABILITY = YES;
				GCC_C_LANGUAGE_STANDARD = gnu11;
				GCC_DYNAMIC_NO_PIC = NO;
				GCC_NO_COMMON_BLOCKS = YES;
				GCC_OPTIMIZATION_LEVEL = 0;
				GCC_PREPROCESSOR_DEFINITIONS = (
					"DEBUG=1",
					"$(inherited)",
				);
				GCC_WARN_64_TO_32_BIT_CONVERSION = YES;
				GCC_WARN_ABOUT_RETURN_TYPE = YES_ERROR;
				GCC_WARN_UNDECLARED_SELECTOR = YES;
				GCC_WARN_UNINITIALIZED_AUTOS = YES_AGGRESSIVE;
				GCC_WARN_UNUSED_FUNCTION = YES;
				GCC_WARN_UNUSED_VARIABLE = YES;
				IPHONEOS_DEPLOYMENT_TARGET = 15.4;
				MTL_ENABLE_DEBUG_INFO = INCLUDE_SOURCE;
				MTL_FAST_MATH = YES;
				ONLY_ACTIVE_ARCH = YES;
				SDKROOT = iphoneos;
				SWIFT_ACTIVE_COMPILATION_CONDITIONS = DEBUG;
				SWIFT_OPTIMIZATION_LEVEL = "-Onone";
			};
			name = Debug;
		};
		B433D5312817419600E29BF0 /* Release */ = {
			isa = XCBuildConfiguration;
			buildSettings = {
				ALWAYS_SEARCH_USER_PATHS = NO;
				CLANG_ANALYZER_NONNULL = YES;
				CLANG_ANALYZER_NUMBER_OBJECT_CONVERSION = YES_AGGRESSIVE;
				CLANG_CXX_LANGUAGE_STANDARD = "gnu++17";
				CLANG_ENABLE_MODULES = YES;
				CLANG_ENABLE_OBJC_ARC = YES;
				CLANG_ENABLE_OBJC_WEAK = YES;
				CLANG_WARN_BLOCK_CAPTURE_AUTORELEASING = YES;
				CLANG_WARN_BOOL_CONVERSION = YES;
				CLANG_WARN_COMMA = YES;
				CLANG_WARN_CONSTANT_CONVERSION = YES;
				CLANG_WARN_DEPRECATED_OBJC_IMPLEMENTATIONS = YES;
				CLANG_WARN_DIRECT_OBJC_ISA_USAGE = YES_ERROR;
				CLANG_WARN_DOCUMENTATION_COMMENTS = YES;
				CLANG_WARN_EMPTY_BODY = YES;
				CLANG_WARN_ENUM_CONVERSION = YES;
				CLANG_WARN_INFINITE_RECURSION = YES;
				CLANG_WARN_INT_CONVERSION = YES;
				CLANG_WARN_NON_LITERAL_NULL_CONVERSION = YES;
				CLANG_WARN_OBJC_IMPLICIT_RETAIN_SELF = YES;
				CLANG_WARN_OBJC_LITERAL_CONVERSION = YES;
				CLANG_WARN_OBJC_ROOT_CLASS = YES_ERROR;
				CLANG_WARN_QUOTED_INCLUDE_IN_FRAMEWORK_HEADER = YES;
				CLANG_WARN_RANGE_LOOP_ANALYSIS = YES;
				CLANG_WARN_STRICT_PROTOTYPES = YES;
				CLANG_WARN_SUSPICIOUS_MOVE = YES;
				CLANG_WARN_UNGUARDED_AVAILABILITY = YES_AGGRESSIVE;
				CLANG_WARN_UNREACHABLE_CODE = YES;
				CLANG_WARN__DUPLICATE_METHOD_MATCH = YES;
				COPY_PHASE_STRIP = NO;
				DEBUG_INFORMATION_FORMAT = "dwarf-with-dsym";
				ENABLE_NS_ASSERTIONS = NO;
				ENABLE_STRICT_OBJC_MSGSEND = YES;
				GCC_C_LANGUAGE_STANDARD = gnu11;
				GCC_NO_COMMON_BLOCKS = YES;
				GCC_WARN_64_TO_32_BIT_CONVERSION = YES;
				GCC_WARN_ABOUT_RETURN_TYPE = YES_ERROR;
				GCC_WARN_UNDECLARED_SELECTOR = YES;
				GCC_WARN_UNINITIALIZED_AUTOS = YES_AGGRESSIVE;
				GCC_WARN_UNUSED_FUNCTION = YES;
				GCC_WARN_UNUSED_VARIABLE = YES;
				IPHONEOS_DEPLOYMENT_TARGET = 15.4;
				MTL_ENABLE_DEBUG_INFO = NO;
				MTL_FAST_MATH = YES;
				SDKROOT = iphoneos;
				SWIFT_COMPILATION_MODE = wholemodule;
				SWIFT_OPTIMIZATION_LEVEL = "-O";
				VALIDATE_PRODUCT = YES;
			};
			name = Release;
		};
		B433D5332817419600E29BF0 /* Debug */ = {
			isa = XCBuildConfiguration;
			buildSettings = {
				ASSETCATALOG_COMPILER_APPICON_NAME = AppIcon;
				ASSETCATALOG_COMPILER_GLOBAL_ACCENT_COLOR_NAME = AccentColor;
				CODE_SIGN_STYLE = Automatic;
				CURRENT_PROJECT_VERSION = 1;
				DEVELOPMENT_TEAM = UT6BJJRA5N;
				GENERATE_INFOPLIST_FILE = YES;
				INFOPLIST_FILE = Concierto/Info.plist;
				INFOPLIST_KEY_UIApplicationSupportsIndirectInputEvents = YES;
				INFOPLIST_KEY_UILaunchStoryboardName = LaunchScreen;
				INFOPLIST_KEY_UIMainStoryboardFile = Main;
				INFOPLIST_KEY_UISupportedInterfaceOrientations_iPad = "UIInterfaceOrientationPortrait UIInterfaceOrientationPortraitUpsideDown UIInterfaceOrientationLandscapeLeft UIInterfaceOrientationLandscapeRight";
				INFOPLIST_KEY_UISupportedInterfaceOrientations_iPhone = "UIInterfaceOrientationPortrait UIInterfaceOrientationLandscapeLeft UIInterfaceOrientationLandscapeRight";
				LD_RUNPATH_SEARCH_PATHS = (
					"$(inherited)",
					"@executable_path/Frameworks",
				);
				MARKETING_VERSION = 1.0;
				PRODUCT_BUNDLE_IDENTIFIER = danioconn.Concierto;
				PRODUCT_NAME = "$(TARGET_NAME)";
				SWIFT_EMIT_LOC_STRINGS = YES;
				SWIFT_VERSION = 5.0;
				TARGETED_DEVICE_FAMILY = "1,2";
			};
			name = Debug;
		};
		B433D5342817419600E29BF0 /* Release */ = {
			isa = XCBuildConfiguration;
			buildSettings = {
				ASSETCATALOG_COMPILER_APPICON_NAME = AppIcon;
				ASSETCATALOG_COMPILER_GLOBAL_ACCENT_COLOR_NAME = AccentColor;
				CODE_SIGN_STYLE = Automatic;
				CURRENT_PROJECT_VERSION = 1;
				DEVELOPMENT_TEAM = UT6BJJRA5N;
				GENERATE_INFOPLIST_FILE = YES;
				INFOPLIST_FILE = Concierto/Info.plist;
				INFOPLIST_KEY_UIApplicationSupportsIndirectInputEvents = YES;
				INFOPLIST_KEY_UILaunchStoryboardName = LaunchScreen;
				INFOPLIST_KEY_UIMainStoryboardFile = Main;
				INFOPLIST_KEY_UISupportedInterfaceOrientations_iPad = "UIInterfaceOrientationPortrait UIInterfaceOrientationPortraitUpsideDown UIInterfaceOrientationLandscapeLeft UIInterfaceOrientationLandscapeRight";
				INFOPLIST_KEY_UISupportedInterfaceOrientations_iPhone = "UIInterfaceOrientationPortrait UIInterfaceOrientationLandscapeLeft UIInterfaceOrientationLandscapeRight";
				LD_RUNPATH_SEARCH_PATHS = (
					"$(inherited)",
					"@executable_path/Frameworks",
				);
				MARKETING_VERSION = 1.0;
				PRODUCT_BUNDLE_IDENTIFIER = danioconn.Concierto;
				PRODUCT_NAME = "$(TARGET_NAME)";
				SWIFT_EMIT_LOC_STRINGS = YES;
				SWIFT_VERSION = 5.0;
				TARGETED_DEVICE_FAMILY = "1,2";
			};
			name = Release;
		};
		B433D5362817419600E29BF0 /* Debug */ = {
			isa = XCBuildConfiguration;
			buildSettings = {
				ALWAYS_EMBED_SWIFT_STANDARD_LIBRARIES = YES;
				BUNDLE_LOADER = "$(TEST_HOST)";
				CODE_SIGN_STYLE = Automatic;
				CURRENT_PROJECT_VERSION = 1;
				DEVELOPMENT_TEAM = UT6BJJRA5N;
				GENERATE_INFOPLIST_FILE = YES;
				IPHONEOS_DEPLOYMENT_TARGET = 15.4;
				MARKETING_VERSION = 1.0;
				PRODUCT_BUNDLE_IDENTIFIER = danioconn.ConciertoTests;
				PRODUCT_NAME = "$(TARGET_NAME)";
				SWIFT_EMIT_LOC_STRINGS = NO;
				SWIFT_VERSION = 5.0;
				TARGETED_DEVICE_FAMILY = "1,2";
				TEST_HOST = "$(BUILT_PRODUCTS_DIR)/Concierto.app/Concierto";
			};
			name = Debug;
		};
		B433D5372817419600E29BF0 /* Release */ = {
			isa = XCBuildConfiguration;
			buildSettings = {
				ALWAYS_EMBED_SWIFT_STANDARD_LIBRARIES = YES;
				BUNDLE_LOADER = "$(TEST_HOST)";
				CODE_SIGN_STYLE = Automatic;
				CURRENT_PROJECT_VERSION = 1;
				DEVELOPMENT_TEAM = UT6BJJRA5N;
				GENERATE_INFOPLIST_FILE = YES;
				IPHONEOS_DEPLOYMENT_TARGET = 15.4;
				MARKETING_VERSION = 1.0;
				PRODUCT_BUNDLE_IDENTIFIER = danioconn.ConciertoTests;
				PRODUCT_NAME = "$(TARGET_NAME)";
				SWIFT_EMIT_LOC_STRINGS = NO;
				SWIFT_VERSION = 5.0;
				TARGETED_DEVICE_FAMILY = "1,2";
				TEST_HOST = "$(BUILT_PRODUCTS_DIR)/Concierto.app/Concierto";
			};
			name = Release;
		};
		B433D5392817419600E29BF0 /* Debug */ = {
			isa = XCBuildConfiguration;
			buildSettings = {
				ALWAYS_EMBED_SWIFT_STANDARD_LIBRARIES = YES;
				CODE_SIGN_STYLE = Automatic;
				CURRENT_PROJECT_VERSION = 1;
				DEVELOPMENT_TEAM = UT6BJJRA5N;
				GENERATE_INFOPLIST_FILE = YES;
				MARKETING_VERSION = 1.0;
				PRODUCT_BUNDLE_IDENTIFIER = danioconn.ConciertoUITests;
				PRODUCT_NAME = "$(TARGET_NAME)";
				SWIFT_EMIT_LOC_STRINGS = NO;
				SWIFT_VERSION = 5.0;
				TARGETED_DEVICE_FAMILY = "1,2";
				TEST_TARGET_NAME = Concierto;
			};
			name = Debug;
		};
		B433D53A2817419600E29BF0 /* Release */ = {
			isa = XCBuildConfiguration;
			buildSettings = {
				ALWAYS_EMBED_SWIFT_STANDARD_LIBRARIES = YES;
				CODE_SIGN_STYLE = Automatic;
				CURRENT_PROJECT_VERSION = 1;
				DEVELOPMENT_TEAM = UT6BJJRA5N;
				GENERATE_INFOPLIST_FILE = YES;
				MARKETING_VERSION = 1.0;
				PRODUCT_BUNDLE_IDENTIFIER = danioconn.ConciertoUITests;
				PRODUCT_NAME = "$(TARGET_NAME)";
				SWIFT_EMIT_LOC_STRINGS = NO;
				SWIFT_VERSION = 5.0;
				TARGETED_DEVICE_FAMILY = "1,2";
				TEST_TARGET_NAME = Concierto;
			};
			name = Release;
		};
/* End XCBuildConfiguration section */

/* Begin XCConfigurationList section */
		B433D5032817419300E29BF0 /* Build configuration list for PBXProject "Concierto" */ = {
			isa = XCConfigurationList;
			buildConfigurations = (
				B433D5302817419600E29BF0 /* Debug */,
				B433D5312817419600E29BF0 /* Release */,
			);
			defaultConfigurationIsVisible = 0;
			defaultConfigurationName = Release;
		};
		B433D5322817419600E29BF0 /* Build configuration list for PBXNativeTarget "Concierto" */ = {
			isa = XCConfigurationList;
			buildConfigurations = (
				B433D5332817419600E29BF0 /* Debug */,
				B433D5342817419600E29BF0 /* Release */,
			);
			defaultConfigurationIsVisible = 0;
			defaultConfigurationName = Release;
		};
		B433D5352817419600E29BF0 /* Build configuration list for PBXNativeTarget "ConciertoTests" */ = {
			isa = XCConfigurationList;
			buildConfigurations = (
				B433D5362817419600E29BF0 /* Debug */,
				B433D5372817419600E29BF0 /* Release */,
			);
			defaultConfigurationIsVisible = 0;
			defaultConfigurationName = Release;
		};
		B433D5382817419600E29BF0 /* Build configuration list for PBXNativeTarget "ConciertoUITests" */ = {
			isa = XCConfigurationList;
			buildConfigurations = (
				B433D5392817419600E29BF0 /* Debug */,
				B433D53A2817419600E29BF0 /* Release */,
			);
			defaultConfigurationIsVisible = 0;
			defaultConfigurationName = Release;
		};
/* End XCConfigurationList section */
	};
	rootObject = B433D5002817419300E29BF0 /* Project object */;
}
